
Microsoft Visual Studio Solution File, Format Version 12.00
# Visual Studio 15
VisualStudioVersion = 15.0.28010.2050
MinimumVisualStudioVersion = 10.0.40219.1
Project("{FAE04EC0-301F-11D3-BF4B-00C04F79EFBC}") = "EasyStorage", "EasyStorage\EasyStorage.csproj", "{CBCEAFE3-B676-4A42-8C8E-FC5F95228EF2}"
EndProject
Project("{FAE04EC0-301F-11D3-BF4B-00C04F79EFBC}") = "EasyServices", "EasyServices\EasyServices.csproj", "{5EF8EC2D-1B66-4018-BDD2-59EF1886DB2D}"
EndProject
Project("{FAE04EC0-301F-11D3-BF4B-00C04F79EFBC}") = "EasyHelpers", "EasyHelpers\EasyHelpers.csproj", "{B188A29E-1D89-437D-8620-F954D5BB47E3}"
EndProject
Global
	GlobalSection(SolutionConfigurationPlatforms) = preSolution
		Debug|Any CPU = Debug|Any CPU
		Release|Any CPU = Release|Any CPU
	EndGlobalSection
	GlobalSection(ProjectConfigurationPlatforms) = postSolution
		{CBCEAFE3-B676-4A42-8C8E-FC5F95228EF2}.Debug|Any CPU.ActiveCfg = Debug|Any CPU
		{CBCEAFE3-B676-4A42-8C8E-FC5F95228EF2}.Debug|Any CPU.Build.0 = Debug|Any CPU
		{CBCEAFE3-B676-4A42-8C8E-FC5F95228EF2}.Release|Any CPU.ActiveCfg = Release|Any CPU
		{CBCEAFE3-B676-4A42-8C8E-FC5F95228EF2}.Release|Any CPU.Build.0 = Release|Any CPU
		{5EF8EC2D-1B66-4018-BDD2-59EF1886DB2D}.Debug|Any CPU.ActiveCfg = Debug|Any CPU
		{5EF8EC2D-1B66-4018-BDD2-59EF1886DB2D}.Debug|Any CPU.Build.0 = Debug|Any CPU
		{5EF8EC2D-1B66-4018-BDD2-59EF1886DB2D}.Release|Any CPU.ActiveCfg = Release|Any CPU
		{5EF8EC2D-1B66-4018-BDD2-59EF1886DB2D}.Release|Any CPU.Build.0 = Release|Any CPU
		{B188A29E-1D89-437D-8620-F954D5BB47E3}.Debug|Any CPU.ActiveCfg = Debug|Any CPU
		{B188A29E-1D89-437D-8620-F954D5BB47E3}.Debug|Any CPU.Build.0 = Debug|Any CPU
		{B188A29E-1D89-437D-8620-F954D5BB47E3}.Release|Any CPU.ActiveCfg = Release|Any CPU
		{B188A29E-1D89-437D-8620-F954D5BB47E3}.Release|Any CPU.Build.0 = Release|Any CPU
	EndGlobalSection
	GlobalSection(SolutionProperties) = preSolution
		HideSolutionNode = FALSE
	EndGlobalSection
	GlobalSection(ExtensibilityGlobals) = postSolution
		SolutionGuid = {CC1AFC96-3B9F-4162-8414-854D8C58D4BA}
	EndGlobalSection
EndGlobal
