
Microsoft Visual Studio Solution File, Format Version 12.00
# Visual Studio 15
VisualStudioVersion = 15.0.28010.2050
MinimumVisualStudioVersion = 10.0.40219.1
Project("{9A19103F-16F7-4668-BE54-9A1E7A4F7556}") = "EasyStorage", "EasyStorage\EasyStorage.csproj", "{CBCEAFE3-B676-4A42-8C8E-FC5F95228EF2}"
EndProject
Project("{9A19103F-16F7-4668-BE54-9A1E7A4F7556}") = "EasyServices", "EasyServices\EasyServices.csproj", "{5EF8EC2D-1B66-4018-BDD2-59EF1886DB2D}"
EndProject
Project("{9A19103F-16F7-4668-BE54-9A1E7A4F7556}") = "EasyHelpers", "EasyHelpers\EasyHelpers.csproj", "{B188A29E-1D89-437D-8620-F954D5BB47E3}"
EndProject
Project("{9A19103F-16F7-4668-BE54-9A1E7A4F7556}") = "EasyWeb", "EasyWeb\EasyWeb.csproj", "{A45778F5-7574-42DC-93E1-1E055ECF13DA}"
EndProject
Project("{9A19103F-16F7-4668-BE54-9A1E7A4F7556}") = "EasyLocalizer", "EasyLocalizer\EasyLocalizer.csproj", "{E3C2B6C9-54C6-4E96-BC62-3A188CC5DD4D}"
EndProject
Project("{9A19103F-16F7-4668-BE54-9A1E7A4F7556}") = "EasyIdentity", "EasyIdentity\EasyIdentity.csproj", "{AB0F0475-8EF2-40D2-A6D7-34555E30F0EF}"
EndProject
Project("{FAE04EC0-301F-11D3-BF4B-00C04F79EFBC}") = "EasyPayment", "EasyPayment\EasyPayment.csproj", "{440FCDD9-0788-4CAD-A54A-BA08BF57BBC5}"
EndProject
Global
	GlobalSection(SolutionConfigurationPlatforms) = preSolution
		Debug|Any CPU = Debug|Any CPU
		Release|Any CPU = Release|Any CPU
	EndGlobalSection
	GlobalSection(ProjectConfigurationPlatforms) = postSolution
		{CBCEAFE3-B676-4A42-8C8E-FC5F95228EF2}.Debug|Any CPU.ActiveCfg = Debug|Any CPU
		{CBCEAFE3-B676-4A42-8C8E-FC5F95228EF2}.Debug|Any CPU.Build.0 = Debug|Any CPU
		{CBCEAFE3-B676-4A42-8C8E-FC5F95228EF2}.Release|Any CPU.ActiveCfg = Release|Any CPU
		{CBCEAFE3-B676-4A42-8C8E-FC5F95228EF2}.Release|Any CPU.Build.0 = Release|Any CPU
		{5EF8EC2D-1B66-4018-BDD2-59EF1886DB2D}.Debug|Any CPU.ActiveCfg = Debug|Any CPU
		{5EF8EC2D-1B66-4018-BDD2-59EF1886DB2D}.Debug|Any CPU.Build.0 = Debug|Any CPU
		{5EF8EC2D-1B66-4018-BDD2-59EF1886DB2D}.Release|Any CPU.ActiveCfg = Release|Any CPU
		{5EF8EC2D-1B66-4018-BDD2-59EF1886DB2D}.Release|Any CPU.Build.0 = Release|Any CPU
		{B188A29E-1D89-437D-8620-F954D5BB47E3}.Debug|Any CPU.ActiveCfg = Debug|Any CPU
		{B188A29E-1D89-437D-8620-F954D5BB47E3}.Debug|Any CPU.Build.0 = Debug|Any CPU
		{B188A29E-1D89-437D-8620-F954D5BB47E3}.Release|Any CPU.ActiveCfg = Release|Any CPU
		{B188A29E-1D89-437D-8620-F954D5BB47E3}.Release|Any CPU.Build.0 = Release|Any CPU
		{A45778F5-7574-42DC-93E1-1E055ECF13DA}.Debug|Any CPU.ActiveCfg = Debug|Any CPU
		{A45778F5-7574-42DC-93E1-1E055ECF13DA}.Debug|Any CPU.Build.0 = Debug|Any CPU
		{A45778F5-7574-42DC-93E1-1E055ECF13DA}.Release|Any CPU.ActiveCfg = Release|Any CPU
		{A45778F5-7574-42DC-93E1-1E055ECF13DA}.Release|Any CPU.Build.0 = Release|Any CPU
		{E3C2B6C9-54C6-4E96-BC62-3A188CC5DD4D}.Debug|Any CPU.ActiveCfg = Debug|Any CPU
		{E3C2B6C9-54C6-4E96-BC62-3A188CC5DD4D}.Debug|Any CPU.Build.0 = Debug|Any CPU
		{E3C2B6C9-54C6-4E96-BC62-3A188CC5DD4D}.Release|Any CPU.ActiveCfg = Release|Any CPU
		{E3C2B6C9-54C6-4E96-BC62-3A188CC5DD4D}.Release|Any CPU.Build.0 = Release|Any CPU
		{AB0F0475-8EF2-40D2-A6D7-34555E30F0EF}.Debug|Any CPU.ActiveCfg = Debug|Any CPU
		{AB0F0475-8EF2-40D2-A6D7-34555E30F0EF}.Debug|Any CPU.Build.0 = Debug|Any CPU
		{AB0F0475-8EF2-40D2-A6D7-34555E30F0EF}.Release|Any CPU.ActiveCfg = Release|Any CPU
		{AB0F0475-8EF2-40D2-A6D7-34555E30F0EF}.Release|Any CPU.Build.0 = Release|Any CPU
		{440FCDD9-0788-4CAD-A54A-BA08BF57BBC5}.Debug|Any CPU.ActiveCfg = Debug|Any CPU
		{440FCDD9-0788-4CAD-A54A-BA08BF57BBC5}.Debug|Any CPU.Build.0 = Debug|Any CPU
		{440FCDD9-0788-4CAD-A54A-BA08BF57BBC5}.Release|Any CPU.ActiveCfg = Release|Any CPU
		{440FCDD9-0788-4CAD-A54A-BA08BF57BBC5}.Release|Any CPU.Build.0 = Release|Any CPU
	EndGlobalSection
	GlobalSection(SolutionProperties) = preSolution
		HideSolutionNode = FALSE
	EndGlobalSection
	GlobalSection(ExtensibilityGlobals) = postSolution
		SolutionGuid = {CC1AFC96-3B9F-4162-8414-854D8C58D4BA}
	EndGlobalSection
EndGlobal
